{
  "originHash" : "042852ff48029c0da56831e44403ab05a56cf046683c64d222a71bb09031f444",
  "pins" : [
    {
      "identity" : "capacitor-swift-pm",
      "kind" : "remoteSourceControl",
      "location" : "https://github.com/ionic-team/capacitor-swift-pm.git",
      "state" : {
        "revision" : "0b6882e9a3288342aacf36348e5a94e4f1dd7b13",
        "version" : "8.5.2"
      }
    }
  ],
  "version" : 3
}
